
Microsoft Visual Studio Solution File, Format Version 12.00
# Visual Studio Version 17
VisualStudioVersion = 17.9.34526.213
MinimumVisualStudioVersion = 10.0.40219.1
Project("{9A19103F-16F7-4668-BE54-9A1E7A4F7556}") = "WebApi", "WebApi\WebApi.csproj", "{04EFA465-57F5-4152-8A0D-9F243291B0C3}"
EndProject
Project("{9A19103F-16F7-4668-BE54-9A1E7A4F7556}") = "Domain", "Domain\Domain.csproj", "{9B9DB781-83FD-4319-B117-A5EE2F235AF2}"
EndProject
Project("{9A19103F-16F7-4668-BE54-9A1E7A4F7556}") = "Application", "Application\Application.csproj", "{496F7012-0A10-484F-80E4-9B06AF5135D7}"
EndProject
Project("{FAE04EC0-301F-11D3-BF4B-00C04F79EFBC}") = "InfraRepository", "InfraRepository\InfraRepository.csproj", "{4DD56E63-7087-43F7-A769-C56AA735F079}"
EndProject
Global
	GlobalSection(SolutionConfigurationPlatforms) = preSolution
		Debug|Any CPU = Debug|Any CPU
		Release|Any CPU = Release|Any CPU
	EndGlobalSection
	GlobalSection(ProjectConfigurationPlatforms) = postSolution
		{04EFA465-57F5-4152-8A0D-9F243291B0C3}.Debug|Any CPU.ActiveCfg = Debug|Any CPU
		{04EFA465-57F5-4152-8A0D-9F243291B0C3}.Debug|Any CPU.Build.0 = Debug|Any CPU
		{04EFA465-57F5-4152-8A0D-9F243291B0C3}.Release|Any CPU.ActiveCfg = Release|Any CPU
		{04EFA465-57F5-4152-8A0D-9F243291B0C3}.Release|Any CPU.Build.0 = Release|Any CPU
		{9B9DB781-83FD-4319-B117-A5EE2F235AF2}.Debug|Any CPU.ActiveCfg = Debug|Any CPU
		{9B9DB781-83FD-4319-B117-A5EE2F235AF2}.Debug|Any CPU.Build.0 = Debug|Any CPU
		{9B9DB781-83FD-4319-B117-A5EE2F235AF2}.Release|Any CPU.ActiveCfg = Release|Any CPU
		{9B9DB781-83FD-4319-B117-A5EE2F235AF2}.Release|Any CPU.Build.0 = Release|Any CPU
		{496F7012-0A10-484F-80E4-9B06AF5135D7}.Debug|Any CPU.ActiveCfg = Debug|Any CPU
		{496F7012-0A10-484F-80E4-9B06AF5135D7}.Debug|Any CPU.Build.0 = Debug|Any CPU
		{496F7012-0A10-484F-80E4-9B06AF5135D7}.Release|Any CPU.ActiveCfg = Release|Any CPU
		{496F7012-0A10-484F-80E4-9B06AF5135D7}.Release|Any CPU.Build.0 = Release|Any CPU
		{4DD56E63-7087-43F7-A769-C56AA735F079}.Debug|Any CPU.ActiveCfg = Debug|Any CPU
		{4DD56E63-7087-43F7-A769-C56AA735F079}.Debug|Any CPU.Build.0 = Debug|Any CPU
		{4DD56E63-7087-43F7-A769-C56AA735F079}.Release|Any CPU.ActiveCfg = Release|Any CPU
		{4DD56E63-7087-43F7-A769-C56AA735F079}.Release|Any CPU.Build.0 = Release|Any CPU
	EndGlobalSection
	GlobalSection(SolutionProperties) = preSolution
		HideSolutionNode = FALSE
	EndGlobalSection
	GlobalSection(ExtensibilityGlobals) = postSolution
		SolutionGuid = {2F45C596-B0F8-48BF-A462-6EAFCF41DEF0}
	EndGlobalSection
EndGlobal
